
Microsoft Visual Studio Solution File, Format Version 12.00
# Visual Studio Version 17
VisualStudioVersion = 17.2.32519.379
MinimumVisualStudioVersion = 10.0.40219.1
Project("{FAE04EC0-301F-11D3-BF4B-00C04F79EFBC}") = "RabbitMQ.Producer", "RabbitMQ.Producer\RabbitMQ.Producer.csproj", "{4BBDAC86-56AF-479C-AF6B-8F3807CC13FE}"
EndProject
Global
	GlobalSection(SolutionConfigurationPlatforms) = preSolution
		Debug|Any CPU = Debug|Any CPU
		Release|Any CPU = Release|Any CPU
	EndGlobalSection
	GlobalSection(ProjectConfigurationPlatforms) = postSolution
		{4BBDAC86-56AF-479C-AF6B-8F3807CC13FE}.Debug|Any CPU.ActiveCfg = Debug|Any CPU
		{4BBDAC86-56AF-479C-AF6B-8F3807CC13FE}.Debug|Any CPU.Build.0 = Debug|Any CPU
		{4BBDAC86-56AF-479C-AF6B-8F3807CC13FE}.Release|Any CPU.ActiveCfg = Release|Any CPU
		{4BBDAC86-56AF-479C-AF6B-8F3807CC13FE}.Release|Any CPU.Build.0 = Release|Any CPU
	EndGlobalSection
	GlobalSection(SolutionProperties) = preSolution
		HideSolutionNode = FALSE
	EndGlobalSection
	GlobalSection(ExtensibilityGlobals) = postSolution
		SolutionGuid = {344DA179-EC66-4DA7-98BA-49E12F6A0F53}
	EndGlobalSection
EndGlobal
